
Microsoft Visual Studio Solution File, Format Version 12.00
# Visual Studio Version 16
VisualStudioVersion = 16.0.29102.190
MinimumVisualStudioVersion = 10.0.40219.1
Project("{F184B08F-C81C-45F6-A57F-5ABD9991F28F}") = "Piedad.MasterPS.Clases", "Piedad.MasterPS.Clases\Piedad.MasterPS.Clases.vbproj", "{7C757211-290E-4090-B56E-1CCD98FB6A44}"
EndProject
Project("{F184B08F-C81C-45F6-A57F-5ABD9991F28F}") = "Piedad.MasterPS.DataAccess", "Piedad.MasterPS.DataAccess\Piedad.MasterPS.DataAccess.vbproj", "{76D18E9E-8117-4125-9319-EF9C6A5D5024}"
EndProject
Global
	GlobalSection(SolutionConfigurationPlatforms) = preSolution
		Debug|Any CPU = Debug|Any CPU
		Release|Any CPU = Release|Any CPU
	EndGlobalSection
	GlobalSection(ProjectConfigurationPlatforms) = postSolution
		{7C757211-290E-4090-B56E-1CCD98FB6A44}.Debug|Any CPU.ActiveCfg = Debug|Any CPU
		{7C757211-290E-4090-B56E-1CCD98FB6A44}.Debug|Any CPU.Build.0 = Debug|Any CPU
		{7C757211-290E-4090-B56E-1CCD98FB6A44}.Release|Any CPU.ActiveCfg = Release|Any CPU
		{7C757211-290E-4090-B56E-1CCD98FB6A44}.Release|Any CPU.Build.0 = Release|Any CPU
		{76D18E9E-8117-4125-9319-EF9C6A5D5024}.Debug|Any CPU.ActiveCfg = Debug|Any CPU
		{76D18E9E-8117-4125-9319-EF9C6A5D5024}.Debug|Any CPU.Build.0 = Debug|Any CPU
		{76D18E9E-8117-4125-9319-EF9C6A5D5024}.Release|Any CPU.ActiveCfg = Release|Any CPU
		{76D18E9E-8117-4125-9319-EF9C6A5D5024}.Release|Any CPU.Build.0 = Release|Any CPU
	EndGlobalSection
	GlobalSection(SolutionProperties) = preSolution
		HideSolutionNode = FALSE
	EndGlobalSection
	GlobalSection(ExtensibilityGlobals) = postSolution
		SolutionGuid = {ACABEA1D-5C53-4EB9-8B6E-CC13193C7492}
	EndGlobalSection
EndGlobal
